
Microsoft Visual Studio Solution File, Format Version 12.00
# Visual Studio Version 17
VisualStudioVersion = 17.4.33213.308
MinimumVisualStudioVersion = 10.0.40219.1
Project("{FAE04EC0-301F-11D3-BF4B-00C04F79EFBC}") = "MSTestProject1", "MSTestProject\MSTestProject1.csproj", "{787CB493-4CB9-479E-A224-95B880F0781B}"
EndProject
Project("{FAE04EC0-301F-11D3-BF4B-00C04F79EFBC}") = "MSTestProject2", "UnitTestProject2\MSTestProject2.csproj", "{B979F21A-BB81-4CF1-8C85-2DE148A09D50}"
EndProject
Global
	GlobalSection(SolutionConfigurationPlatforms) = preSolution
		Debug|Any CPU = Debug|Any CPU
		Release|Any CPU = Release|Any CPU
	EndGlobalSection
	GlobalSection(ProjectConfigurationPlatforms) = postSolution
		{787CB493-4CB9-479E-A224-95B880F0781B}.Debug|Any CPU.ActiveCfg = Debug|Any CPU
		{787CB493-4CB9-479E-A224-95B880F0781B}.Debug|Any CPU.Build.0 = Debug|Any CPU
		{787CB493-4CB9-479E-A224-95B880F0781B}.Release|Any CPU.ActiveCfg = Release|Any CPU
		{787CB493-4CB9-479E-A224-95B880F0781B}.Release|Any CPU.Build.0 = Release|Any CPU
		{B979F21A-BB81-4CF1-8C85-2DE148A09D50}.Debug|Any CPU.ActiveCfg = Debug|Any CPU
		{B979F21A-BB81-4CF1-8C85-2DE148A09D50}.Debug|Any CPU.Build.0 = Debug|Any CPU
		{B979F21A-BB81-4CF1-8C85-2DE148A09D50}.Release|Any CPU.ActiveCfg = Release|Any CPU
		{B979F21A-BB81-4CF1-8C85-2DE148A09D50}.Release|Any CPU.Build.0 = Release|Any CPU
	EndGlobalSection
	GlobalSection(SolutionProperties) = preSolution
		HideSolutionNode = FALSE
	EndGlobalSection
	GlobalSection(ExtensibilityGlobals) = postSolution
		SolutionGuid = {0BC59AA4-556B-4DFC-ABC1-9642F0AC3957}
	EndGlobalSection
EndGlobal
